
Microsoft Visual Studio Solution File, Format Version 12.00
# Visual Studio Version 17
VisualStudioVersion = 17.11.35431.28
MinimumVisualStudioVersion = 10.0.40219.1
Project("{FAE04EC0-301F-11D3-BF4B-00C04F79EFBC}") = "MinimalApi", "MinimalApi\MinimalApi.csproj", "{ADF30F63-EE0E-4958-88A8-60094D35137F}"
EndProject
Global
	GlobalSection(SolutionConfigurationPlatforms) = preSolution
		Debug|Any CPU = Debug|Any CPU
		Release|Any CPU = Release|Any CPU
	EndGlobalSection
	GlobalSection(ProjectConfigurationPlatforms) = postSolution
		{ADF30F63-EE0E-4958-88A8-60094D35137F}.Debug|Any CPU.ActiveCfg = Debug|Any CPU
		{ADF30F63-EE0E-4958-88A8-60094D35137F}.Debug|Any CPU.Build.0 = Debug|Any CPU
		{ADF30F63-EE0E-4958-88A8-60094D35137F}.Release|Any CPU.ActiveCfg = Release|Any CPU
		{ADF30F63-EE0E-4958-88A8-60094D35137F}.Release|Any CPU.Build.0 = Release|Any CPU
	EndGlobalSection
	GlobalSection(SolutionProperties) = preSolution
		HideSolutionNode = FALSE
	EndGlobalSection
	GlobalSection(ExtensibilityGlobals) = postSolution
		SolutionGuid = {0D3C11A7-3D55-4B58-85F0-5C83F78FB46C}
	EndGlobalSection
EndGlobal
